
Microsoft Visual Studio Solution File, Format Version 12.00
# Visual Studio Version 16
VisualStudioVersion = 16.0.29324.140
MinimumVisualStudioVersion = 10.0.40219.1
Project("{9A19103F-16F7-4668-BE54-9A1E7A4F7556}") = "Blog.WebUI", "Blog.WebUI\Blog.WebUI.csproj", "{1F08D24E-F979-480D-A8A2-47DE0D4B8460}"
EndProject
Project("{2150E333-8FDC-42A3-9474-1A3956D46DE8}") = "src", "src", "{44CCFDA2-9762-48F0-9588-6257DF0893DE}"
EndProject
Project("{2150E333-8FDC-42A3-9474-1A3956D46DE8}") = "Presentation", "Presentation", "{5A326471-82D8-4BE3-BC9F-29B88F2E4E34}"
EndProject
Project("{2150E333-8FDC-42A3-9474-1A3956D46DE8}") = "Application", "Application", "{AC14E200-B1A7-498E-AF38-ED26A0DE2CF2}"
EndProject
Project("{2150E333-8FDC-42A3-9474-1A3956D46DE8}") = "Persistance", "Persistance", "{4D1D18BA-278C-46BE-8693-D361B1329767}"
EndProject
Project("{2150E333-8FDC-42A3-9474-1A3956D46DE8}") = "Domain", "Domain", "{5A746700-1CD8-4212-8FAF-4E92FCF40D84}"
EndProject
Project("{9A19103F-16F7-4668-BE54-9A1E7A4F7556}") = "Blog.Persistance", "Blog.Persistance\Blog.Persistance.csproj", "{2A877295-F346-4E65-BFA3-D44F49513C91}"
EndProject
Project("{9A19103F-16F7-4668-BE54-9A1E7A4F7556}") = "Blog.Application", "Blog.Application\Blog.Application.csproj", "{5AD64A87-8E11-4B68-B6C6-BAAA3511A864}"
EndProject
Project("{9A19103F-16F7-4668-BE54-9A1E7A4F7556}") = "Blog.Domain", "Blog.Domain\Blog.Domain.csproj", "{1F3C469B-1060-4FA9-B7BA-64BA3E2D97B4}"
EndProject
Project("{2150E333-8FDC-42A3-9474-1A3956D46DE8}") = "Test", "Test", "{55BB92FB-F087-46B9-9C5A-5478C2B7E5DD}"
EndProject
Project("{9A19103F-16F7-4668-BE54-9A1E7A4F7556}") = "Blog.PersistanceTests", "Blog.ApplicationTests\Blog.PersistanceTests.csproj", "{127EF605-14CF-4835-AD53-476C668BF6C0}"
EndProject
Global
	GlobalSection(SolutionConfigurationPlatforms) = preSolution
		Debug|Any CPU = Debug|Any CPU
		Release|Any CPU = Release|Any CPU
	EndGlobalSection
	GlobalSection(ProjectConfigurationPlatforms) = postSolution
		{1F08D24E-F979-480D-A8A2-47DE0D4B8460}.Debug|Any CPU.ActiveCfg = Debug|Any CPU
		{1F08D24E-F979-480D-A8A2-47DE0D4B8460}.Debug|Any CPU.Build.0 = Debug|Any CPU
		{1F08D24E-F979-480D-A8A2-47DE0D4B8460}.Release|Any CPU.ActiveCfg = Release|Any CPU
		{1F08D24E-F979-480D-A8A2-47DE0D4B8460}.Release|Any CPU.Build.0 = Release|Any CPU
		{2A877295-F346-4E65-BFA3-D44F49513C91}.Debug|Any CPU.ActiveCfg = Debug|Any CPU
		{2A877295-F346-4E65-BFA3-D44F49513C91}.Debug|Any CPU.Build.0 = Debug|Any CPU
		{2A877295-F346-4E65-BFA3-D44F49513C91}.Release|Any CPU.ActiveCfg = Release|Any CPU
		{2A877295-F346-4E65-BFA3-D44F49513C91}.Release|Any CPU.Build.0 = Release|Any CPU
		{5AD64A87-8E11-4B68-B6C6-BAAA3511A864}.Debug|Any CPU.ActiveCfg = Debug|Any CPU
		{5AD64A87-8E11-4B68-B6C6-BAAA3511A864}.Debug|Any CPU.Build.0 = Debug|Any CPU
		{5AD64A87-8E11-4B68-B6C6-BAAA3511A864}.Release|Any CPU.ActiveCfg = Release|Any CPU
		{5AD64A87-8E11-4B68-B6C6-BAAA3511A864}.Release|Any CPU.Build.0 = Release|Any CPU
		{1F3C469B-1060-4FA9-B7BA-64BA3E2D97B4}.Debug|Any CPU.ActiveCfg = Debug|Any CPU
		{1F3C469B-1060-4FA9-B7BA-64BA3E2D97B4}.Debug|Any CPU.Build.0 = Debug|Any CPU
		{1F3C469B-1060-4FA9-B7BA-64BA3E2D97B4}.Release|Any CPU.ActiveCfg = Release|Any CPU
		{1F3C469B-1060-4FA9-B7BA-64BA3E2D97B4}.Release|Any CPU.Build.0 = Release|Any CPU
		{127EF605-14CF-4835-AD53-476C668BF6C0}.Debug|Any CPU.ActiveCfg = Debug|Any CPU
		{127EF605-14CF-4835-AD53-476C668BF6C0}.Debug|Any CPU.Build.0 = Debug|Any CPU
		{127EF605-14CF-4835-AD53-476C668BF6C0}.Release|Any CPU.ActiveCfg = Release|Any CPU
		{127EF605-14CF-4835-AD53-476C668BF6C0}.Release|Any CPU.Build.0 = Release|Any CPU
	EndGlobalSection
	GlobalSection(SolutionProperties) = preSolution
		HideSolutionNode = FALSE
	EndGlobalSection
	GlobalSection(NestedProjects) = preSolution
		{1F08D24E-F979-480D-A8A2-47DE0D4B8460} = {5A326471-82D8-4BE3-BC9F-29B88F2E4E34}
		{5A326471-82D8-4BE3-BC9F-29B88F2E4E34} = {44CCFDA2-9762-48F0-9588-6257DF0893DE}
		{AC14E200-B1A7-498E-AF38-ED26A0DE2CF2} = {44CCFDA2-9762-48F0-9588-6257DF0893DE}
		{4D1D18BA-278C-46BE-8693-D361B1329767} = {44CCFDA2-9762-48F0-9588-6257DF0893DE}
		{5A746700-1CD8-4212-8FAF-4E92FCF40D84} = {44CCFDA2-9762-48F0-9588-6257DF0893DE}
		{2A877295-F346-4E65-BFA3-D44F49513C91} = {4D1D18BA-278C-46BE-8693-D361B1329767}
		{5AD64A87-8E11-4B68-B6C6-BAAA3511A864} = {AC14E200-B1A7-498E-AF38-ED26A0DE2CF2}
		{1F3C469B-1060-4FA9-B7BA-64BA3E2D97B4} = {5A746700-1CD8-4212-8FAF-4E92FCF40D84}
		{55BB92FB-F087-46B9-9C5A-5478C2B7E5DD} = {44CCFDA2-9762-48F0-9588-6257DF0893DE}
		{127EF605-14CF-4835-AD53-476C668BF6C0} = {55BB92FB-F087-46B9-9C5A-5478C2B7E5DD}
	EndGlobalSection
	GlobalSection(ExtensibilityGlobals) = postSolution
		SolutionGuid = {685E5DFB-8D41-417C-80D9-CAA29143CBC1}
	EndGlobalSection
EndGlobal
